{
  "name": "testpkgg",
  "version": "1.0.0",
  "lockfileVersion": 1,
  "requires": true,
  "dependencies": {
    "@chapi/domain": {
      "version": "0.1.5",
      "resolved": "https://registry.npmjs.org/@chapi/domain/-/domain-0.1.5.tgz",
      "integrity": "sha512-6pjWQFev9b3MPasCb8Bmc8YBMqRy9ktwZM6DAEvn8bDD2caT7ZlykIBRRkw3/NxSMpZ025qn8nwHaAj39taZqg=="
    }
  }
}
